
Microsoft Visual Studio Solution File, Format Version 12.00
# Visual Studio Version 17
VisualStudioVersion = 17.9.34622.214
MinimumVisualStudioVersion = 10.0.40219.1
Project("{9A19103F-16F7-4668-BE54-9A1E7A4F7556}") = "MatchCards", "MatchCards\MatchCards.csproj", "{10FE764B-163C-4548-A3A8-9296782AE83F}"
EndProject
Project("{FAE04EC0-301F-11D3-BF4B-00C04F79EFBC}") = "MatchCardsTests", "MatchCardsTests\MatchCardsTests.csproj", "{4A279D3E-6494-4879-AF92-74499EBF16D9}"
EndProject
Global
	GlobalSection(SolutionConfigurationPlatforms) = preSolution
		Debug|Any CPU = Debug|Any CPU
		Release|Any CPU = Release|Any CPU
	EndGlobalSection
	GlobalSection(ProjectConfigurationPlatforms) = postSolution
		{10FE764B-163C-4548-A3A8-9296782AE83F}.Debug|Any CPU.ActiveCfg = Debug|Any CPU
		{10FE764B-163C-4548-A3A8-9296782AE83F}.Debug|Any CPU.Build.0 = Debug|Any CPU
		{10FE764B-163C-4548-A3A8-9296782AE83F}.Release|Any CPU.ActiveCfg = Release|Any CPU
		{10FE764B-163C-4548-A3A8-9296782AE83F}.Release|Any CPU.Build.0 = Release|Any CPU
		{4A279D3E-6494-4879-AF92-74499EBF16D9}.Debug|Any CPU.ActiveCfg = Debug|Any CPU
		{4A279D3E-6494-4879-AF92-74499EBF16D9}.Debug|Any CPU.Build.0 = Debug|Any CPU
		{4A279D3E-6494-4879-AF92-74499EBF16D9}.Release|Any CPU.ActiveCfg = Release|Any CPU
		{4A279D3E-6494-4879-AF92-74499EBF16D9}.Release|Any CPU.Build.0 = Release|Any CPU
	EndGlobalSection
	GlobalSection(SolutionProperties) = preSolution
		HideSolutionNode = FALSE
	EndGlobalSection
	GlobalSection(ExtensibilityGlobals) = postSolution
		SolutionGuid = {8E41209B-5335-4376-82DB-15127C22998C}
	EndGlobalSection
EndGlobal
